Microsoft Visual Studio Solution File, Format Version 11.00
# Visual Studio 2008

Project("{ACEA5237-E55E-3B2E-D872-F92865CA01D3}") = "OceanWater", "Assembly-CSharp-firstpass.csproj", "{49BA464D-407F-111A-1B9C-F182082785B5}"
EndProject
Project("{ACEA5237-E55E-3B2E-D872-F92865CA01D3}") = "OceanWater", "Assembly-CSharp.csproj", "{038C86B3-A7D0-6CAF-2CF4-C0AE94070288}"
EndProject
Project("{ACEA5237-E55E-3B2E-D872-F92865CA01D3}") = "OceanWater", "Assembly-UnityScript-firstpass.unityproj", "{4102016E-C12F-6346-D584-08126F12307B}"
EndProject
Project("{ACEA5237-E55E-3B2E-D872-F92865CA01D3}") = "OceanWater", "Assembly-UnityScript.unityproj", "{6412E691-4060-0E6E-52B5-C3A9A35B2320}"
EndProject
Global
	GlobalSection(SolutionConfigurationPlatforms) = preSolution
		Debug|Any CPU = Debug|Any CPU
		Release|Any CPU = Release|Any CPU
	EndGlobalSection
	GlobalSection(ProjectConfigurationPlatforms) = postSolution
		{49BA464D-407F-111A-1B9C-F182082785B5}.Debug|Any CPU.ActiveCfg = Debug|Any CPU
		{49BA464D-407F-111A-1B9C-F182082785B5}.Debug|Any CPU.Build.0 = Debug|Any CPU
		{49BA464D-407F-111A-1B9C-F182082785B5}.Release|Any CPU.ActiveCfg = Release|Any CPU
		{49BA464D-407F-111A-1B9C-F182082785B5}.Release|Any CPU.Build.0 = Release|Any CPU
		{038C86B3-A7D0-6CAF-2CF4-C0AE94070288}.Debug|Any CPU.ActiveCfg = Debug|Any CPU
		{038C86B3-A7D0-6CAF-2CF4-C0AE94070288}.Debug|Any CPU.Build.0 = Debug|Any CPU
		{038C86B3-A7D0-6CAF-2CF4-C0AE94070288}.Release|Any CPU.ActiveCfg = Release|Any CPU
		{038C86B3-A7D0-6CAF-2CF4-C0AE94070288}.Release|Any CPU.Build.0 = Release|Any CPU
		{4102016E-C12F-6346-D584-08126F12307B}.Debug|Any CPU.ActiveCfg = Debug|Any CPU
		{4102016E-C12F-6346-D584-08126F12307B}.Debug|Any CPU.Build.0 = Debug|Any CPU
		{4102016E-C12F-6346-D584-08126F12307B}.Release|Any CPU.ActiveCfg = Release|Any CPU
		{4102016E-C12F-6346-D584-08126F12307B}.Release|Any CPU.Build.0 = Release|Any CPU
		{6412E691-4060-0E6E-52B5-C3A9A35B2320}.Debug|Any CPU.ActiveCfg = Debug|Any CPU
		{6412E691-4060-0E6E-52B5-C3A9A35B2320}.Debug|Any CPU.Build.0 = Debug|Any CPU
		{6412E691-4060-0E6E-52B5-C3A9A35B2320}.Release|Any CPU.ActiveCfg = Release|Any CPU
		{6412E691-4060-0E6E-52B5-C3A9A35B2320}.Release|Any CPU.Build.0 = Release|Any CPU
	EndGlobalSection
	GlobalSection(SolutionProperties) = preSolution
		HideSolutionNode = FALSE
	EndGlobalSection
																																																													GlobalSection(MonoDevelopProperties) = preSolution
		StartupItem = Assembly-CSharp.csproj
		Policies = $0
		$0.TextStylePolicy = $1
		$1.inheritsSet = null
		$1.scope = text/x-csharp
		$0.CSharpFormattingPolicy = $2
		$2.inheritsSet = Mono
		$2.inheritsScope = text/x-csharp
		$2.scope = text/x-csharp
		$0.TextStylePolicy = $3
		$3.FileWidth = 120
		$3.TabWidth = 4
		$3.EolMarker = Unix
		$3.inheritsSet = Mono
		$3.inheritsScope = text/plain
		$3.scope = text/plain
	EndGlobalSection

EndGlobal
